Microsoft Visual Studio Solution File, Format Version 12.00
# Visual Studio Version 17
VisualStudioVersion = 17.5.2.0
MinimumVisualStudioVersion = 10.0.40219.1
Project("{FAE04EC0-301F-11D3-BF4B-00C04F79EFBC}") = "Otimizado", "Otimizado\Otimizado.csproj", "{F9D2CDE9-51A4-8EDE-15C8-FF129208825E}"
EndProject
Project("{FAE04EC0-301F-11D3-BF4B-00C04F79EFBC}") = "NaoOtimizado", "NaoOtimizado\NaoOtimizado.csproj", "{19416611-58C7-F788-3CC9-C7135F3F18FA}"
EndProject
Global
	GlobalSection(SolutionConfigurationPlatforms) = preSolution
		Debug|Any CPU = Debug|Any CPU
		Release|Any CPU = Release|Any CPU
	EndGlobalSection
	GlobalSection(ProjectConfigurationPlatforms) = postSolution
		{F9D2CDE9-51A4-8EDE-15C8-FF129208825E}.Debug|Any CPU.ActiveCfg = Debug|Any CPU
		{F9D2CDE9-51A4-8EDE-15C8-FF129208825E}.Debug|Any CPU.Build.0 = Debug|Any CPU
		{F9D2CDE9-51A4-8EDE-15C8-FF129208825E}.Release|Any CPU.ActiveCfg = Release|Any CPU
		{F9D2CDE9-51A4-8EDE-15C8-FF129208825E}.Release|Any CPU.Build.0 = Release|Any CPU
		{19416611-58C7-F788-3CC9-C7135F3F18FA}.Debug|Any CPU.ActiveCfg = Debug|Any CPU
		{19416611-58C7-F788-3CC9-C7135F3F18FA}.Debug|Any CPU.Build.0 = Debug|Any CPU
		{19416611-58C7-F788-3CC9-C7135F3F18FA}.Release|Any CPU.ActiveCfg = Release|Any CPU
		{19416611-58C7-F788-3CC9-C7135F3F18FA}.Release|Any CPU.Build.0 = Release|Any CPU
	EndGlobalSection
	GlobalSection(SolutionProperties) = preSolution
		HideSolutionNode = FALSE
	EndGlobalSection
	GlobalSection(ExtensibilityGlobals) = postSolution
		SolutionGuid = {5B54CD5D-7127-4172-BBA4-E3A04E9BDB97}
	EndGlobalSection
EndGlobal
